lockfileVersion: '9.0'

settings:
  autoInstallPeers: true
  excludeLinksFromLockfile: false

importers:

  .:
    dependencies:
      bcryptjs:
        specifier: ^3.0.3
        version: 3.0.3
      cors:
        specifier: ^2.8.5
        version: 2.8.5
      dotenv:
        specifier: ^17.2.3
        version: 17.2.3
      express:
        specifier: ^5.2.1
        version: 5.2.1
      jsonwebtoken:
        specifier: ^9.0.3
        version: 9.0.3
    devDependencies:
      '@types/bcryptjs':
        specifier: ^2.4.6
        version: 2.4.6
      '@types/cors':
        specifier: ^2.8.19
        version: 2.8.19
      '@types/express':
        specifier: ^5.0.6
        version: 5.0.6
      '@types/jsonwebtoken':
        specifier: ^9.0.10
        version: 9.0.10
      '@types/node':
        specifier: ^25.0.3
        version: 25.0.3
      ts-node-dev:
        specifier: ^2.0.0
        version: 2.0.0(@types/node@25.0.3)(typescript@5.9.3)
      typescript:
        specifier: ^5.9.3
        version: 5.9.3

packages:

  '@cspotcode/source-map-support@0.8.1':
    resolution: {integrity: sha1-AGKcNaaI4FqIsc2mhPudXnPwAKE=}
    engines: {node: '>=12'}

  '@jridgewell/resolve-uri@3.1.2':
    resolution: {integrity: sha1-eg7mAfYPmaIMfHxf8MgDiMEYm9Y=}
    engines: {node: '>=6.0.0'}

  '@jridgewell/sourcemap-codec@1.5.5':
    resolution: {integrity: sha1-aRKwDSxjHA0Vzhp6tXzWV/Ko+Lo=}

  '@jridgewell/trace-mapping@0.3.9':
    resolution: {integrity: sha1-ZTT9WTOlO6fL86F2FeJzoNEnP/k=}

  '@tsconfig/node10@1.0.12':
    resolution: {integrity: sha1-vlfOrB5GkrQb6d5r6MMqEGY226Q=}

  '@tsconfig/node12@1.0.11':
    resolution: {integrity: sha1-7j3vHyfZ7WbaxuRqKVz/sBUuBY0=}

  '@tsconfig/node14@1.0.3':
    resolution: {integrity: sha1-5DhjFihPALmENb9A9y91oJ2r9sE=}

  '@tsconfig/node16@1.0.4':
    resolution: {integrity: sha1-C5LcwMwcgfbzBqOB8o4xsaVlNuk=}

  '@types/bcryptjs@2.4.6':
    resolution: {integrity: sha1-K5LjwhIcZuujkB5k+vi7ki7Ckfo=}

  '@types/body-parser@1.19.6':
    resolution: {integrity: sha1-GFm+u4/X2smRikXVTBlxq4ta9HQ=}

  '@types/connect@3.4.38':
    resolution: {integrity: sha1-W6fzvE+73q/43e2VLl/yzFP42Fg=}

  '@types/cors@2.8.19':
    resolution: {integrity: sha1-2T6iZz/YyfaXNn9e7vwrv6lPA0I=}

  '@types/express-serve-static-core@5.1.0':
    resolution: {integrity: sha1-dPR1VbPYBLVMtwMOb5qgx0hc/Fs=}

  '@types/express@5.0.6':
    resolution: {integrity: sha1-LXJLLJkNy4yERAY/NYCpA/bVAMw=}

  '@types/http-errors@2.0.5':
    resolution: {integrity: sha1-W3SasrFroRNCP+saZKldzTA5hHI=}

  '@types/jsonwebtoken@9.0.10':
    resolution: {integrity: sha1-p5MqRxd9zUKDthRvO9XCbYJkfwk=}

  '@types/ms@2.1.0':
    resolution: {integrity: sha1-BSqmekjszEMJ1/AZG35BQ0uQu3g=}

  '@types/node@25.0.3':
    resolution: {integrity: sha1-ebmsgxjzc/v6r24nhIk++pcB8mk=}

  '@types/qs@6.14.0':
    resolution: {integrity: sha1-2LYM7PYvLbD7aOXgBgd7kXi4XeU=}

  '@types/range-parser@1.2.7':
    resolution: {integrity: sha1-UK5DU+qt3AQEQnmBL1LIxlhX28s=}

  '@types/send@1.2.1':
    resolution: {integrity: sha1-anhORVQ8GMd0wEm/9tPbrwRcnHQ=}

  '@types/serve-static@2.2.0':
    resolution: {integrity: sha1-1KRHUD6tDRZxEy0atr1YuAXY3mo=}

  '@types/strip-bom@3.0.0':
    resolution: {integrity: sha1-FKjsOVbC6B7bdSB5CuzyHCkK69I=}

  '@types/strip-json-comments@0.0.30':
    resolution: {integrity: sha1-mqMMBNshKpoGSdaub9UKzMQHSKE=}

  accepts@2.0.0:
    resolution: {integrity: sha1-u89LpQdUZ/PyEx6rPP/HPC9deJU=}
    engines: {node: '>= 0.6'}

  acorn-walk@8.3.4:
    resolution: {integrity: sha1-eU3RacOXft9LpOpHWDWHxYZiNrc=}
    engines: {node: '>=0.4.0'}

  acorn@8.15.0:
    resolution: {integrity: sha1-o2CJi8QV7arEbIJB9jg5dbkwuBY=}
    engines: {node: '>=0.4.0'}
    hasBin: true

  anymatch@3.1.3:
    resolution: {integrity: sha1-eQxYsZuhcgqEIFtXxhjVrYUklz4=}
    engines: {node: '>= 8'}

  arg@4.1.3:
    resolution: {integrity: sha1-Jp/HrVuOQstjyJbVZmAXJhwUQIk=}

  balanced-match@1.0.2:
    resolution: {integrity: sha1-6D46fj8wCzTLnYf2FfoMvzV2kO4=}

  bcryptjs@3.0.3:
    resolution: {integrity: sha1-S5PWo5jEi/yfMu5l0wEXSoqOpW8=}
    hasBin: true

  binary-extensions@2.3.0:
    resolution: {integrity: sha1-9uFKl4WNMnJSIAJC1Mz+UixEVSI=}
    engines: {node: '>=8'}

  body-parser@2.2.1:
    resolution: {integrity: sha1-bfYGsOsKbj94Pd6R3eGCwkyCQ4w=}
    engines: {node: '>=18'}

  brace-expansion@1.1.12:
    resolution: {integrity: sha1-q5tFRGblqMw6GHvqrVgEEqnFuEM=}

  braces@3.0.3:
    resolution: {integrity: sha1-SQMy9AkZRSJy1VqEgK3AxEE1h4k=}
    engines: {node: '>=8'}

  buffer-equal-constant-time@1.0.1:
    resolution: {integrity: sha1-+OcRMvf/5uAaXJaXpMbz5I1cyBk=}

  buffer-from@1.1.2:
    resolution: {integrity: sha1-KxRqb9cugLT1XSVfNe1Zo6mkG9U=}

  bytes@3.1.2:
    resolution: {integrity: sha1-iwvuuYYFrfGxKPpDhkA8AJ4CIaU=}
    engines: {node: '>= 0.8'}

  call-bind-apply-helpers@1.0.2:
    resolution: {integrity: sha1-S1QowiK+mF15w9gmV0edvgtZstY=}
    engines: {node: '>= 0.4'}

  call-bound@1.0.4:
    resolution: {integrity: sha1-I43pNdKippKSjFOMfM+pEGf9Bio=}
    engines: {node: '>= 0.4'}

  chokidar@3.6.0:
    resolution: {integrity: sha1-GXxsxmnvKo3F57TZfuTgksPrDVs=}
    engines: {node: '>= 8.10.0'}

  concat-map@0.0.1:
    resolution: {integrity: sha1-2Klr13/Wjfd5OnMDajug1UBdR3s=}

  content-disposition@1.0.1:
    resolution: {integrity: sha1-qLe76ykEvv37Z4flwMCGlZ9gX5s=}
    engines: {node: '>=18'}

  content-type@1.0.5:
    resolution: {integrity: sha1-i3cxYmVtHRCGeEyPI6VM5tc9eRg=}
    engines: {node: '>= 0.6'}

  cookie-signature@1.2.2:
    resolution: {integrity: sha1-V8f8PMKTrKuf7FTXPhVpDr5KF5M=}
    engines: {node: '>=6.6.0'}

  cookie@0.7.2:
    resolution: {integrity: sha1-VWNpxHKiupEPKXmJG1JrNDYjftc=}
    engines: {node: '>= 0.6'}

  cors@2.8.5:
    resolution: {integrity: sha1-6sEdpRWS3Ya58G9uesKTs9+HXSk=}
    engines: {node: '>= 0.10'}

  create-require@1.1.1:
    resolution: {integrity: sha1-wdfo8eX2z8n/ZfnNNS03NIdWwzM=}

  debug@4.4.3:
    resolution: {integrity: sha1-xq5DLZvZZiWC/OCHCbA4xY6ePWo=}
    engines: {node: '>=6.0'}
    peerDependencies:
      supports-color: '*'
    peerDependenciesMeta:
      supports-color:
        optional: true

  depd@2.0.0:
    resolution: {integrity: sha1-tpYWPMdXVg0JzyLMj60Vcbeedt8=}
    engines: {node: '>= 0.8'}

  diff@4.0.2:
    resolution: {integrity: sha1-YPOuy4nV+uUgwRqhnvwruYKq3n0=}
    engines: {node: '>=0.3.1'}

  dotenv@17.2.3:
    resolution: {integrity: sha1-rZldaZf2ObEQZfQZoi+r9WfNuaI=}
    engines: {node: '>=12'}

  dunder-proto@1.0.1:
    resolution: {integrity: sha1-165mfh3INIL4tw/Q9u78UNow9Yo=}
    engines: {node: '>= 0.4'}

  dynamic-dedupe@0.3.0:
    resolution: {integrity: sha1-BuRMIj9eTpTXjvnbI6ZRXOL5YqE=}

  ecdsa-sig-formatter@1.0.11:
    resolution: {integrity: sha1-rg8PothQRe8UqBfao86azQSJ5b8=}

  ee-first@1.1.1:
    resolution: {integrity: sha1-WQxhFWsK4vTwJVcyoViyZrxWsh0=}

  encodeurl@2.0.0:
    resolution: {integrity: sha1-e46omAd9fkCdOsRUdOo46vCFelg=}
    engines: {node: '>= 0.8'}

  es-define-property@1.0.1:
    resolution: {integrity: sha1-mD6y+aZyTpMD9hrd8BHHLgngsPo=}
    engines: {node: '>= 0.4'}

  es-errors@1.3.0:
    resolution: {integrity: sha1-BfdaJdq5jk+x3NXhRywFRtUFfI8=}
    engines: {node: '>= 0.4'}

  es-object-atoms@1.1.1:
    resolution: {integrity: sha1-HE8sSDcydZfOadLKGQp/3RcjOME=}
    engines: {node: '>= 0.4'}

  escape-html@1.0.3:
    resolution: {integrity: sha1-Aljq5NPQwJdN4cFpGI7wBR0dGYg=}

  etag@1.8.1:
    resolution: {integrity: sha1-Qa4u62XvpiJorr/qg6x9eSmbCIc=}
    engines: {node: '>= 0.6'}

  express@5.2.1:
    resolution: {integrity: sha1-jyHRW20yf5K0eU7PjLCKcvlWrAQ=}
    engines: {node: '>= 18'}

  fill-range@7.1.1:
    resolution: {integrity: sha1-RCZdPKwH4+p9wkdRY4BkN1SgUpI=}
    engines: {node: '>=8'}

  finalhandler@2.1.1:
    resolution: {integrity: sha1-osUXplWYUrzbBtH4vX9Rto+tgJk=}
    engines: {node: '>= 18.0.0'}

  forwarded@0.2.0:
    resolution: {integrity: sha1-ImmTZCiq1MFcfr6XeahL8LKoGBE=}
    engines: {node: '>= 0.6'}

  fresh@2.0.0:
    resolution: {integrity: sha1-jdffahs6Gzpc8YbAWl3SZ2ImNaQ=}
    engines: {node: '>= 0.8'}

  fs.realpath@1.0.0:
    resolution: {integrity: sha1-FQStJSMVjKpA20onh8sBQRmU6k8=}

  fsevents@2.3.3:
    resolution: {integrity: sha1-ysZAd4XQNnWipeGlMFxpezR9kNY=}
    engines: {node: ^8.16.0 || ^10.6.0 || >=11.0.0}
    os: [darwin]

  function-bind@1.1.2:
    resolution: {integrity: sha1-LALYZNl/PqbIgwxGTL0Rq26rehw=}

  get-intrinsic@1.3.0:
    resolution: {integrity: sha1-dD8OO2lkqTpUke0b/6rgVNf5jQE=}
    engines: {node: '>= 0.4'}

  get-proto@1.0.1:
    resolution: {integrity: sha1-FQs/J0OGnvPoUewMSdFbHRTQDuE=}
    engines: {node: '>= 0.4'}

  glob-parent@5.1.2:
    resolution: {integrity: sha1-hpgyxYA0/mikCTwX3BXoNA2EAcQ=}
    engines: {node: '>= 6'}

  glob@7.2.3:
    resolution: {integrity: sha1-uN8PuAK7+o6JvR2Ti04WV47UTys=}

  gopd@1.2.0:
    resolution: {integrity: sha1-ifVrghe9vIgCvSmd9tfxCB1+UaE=}
    engines: {node: '>= 0.4'}

  has-symbols@1.1.0:
    resolution: {integrity: sha1-/JxqeDoISVHQuXH+EBjegTcHozg=}
    engines: {node: '>= 0.4'}

  hasown@2.0.2:
    resolution: {integrity: sha1-AD6vkb563DcuhOxZ3DclLO24AAM=}
    engines: {node: '>= 0.4'}

  http-errors@2.0.1:
    resolution: {integrity: sha1-NtL2W8kJyHkAGN02+02T2myq4Gs=}
    engines: {node: '>= 0.8'}

  iconv-lite@0.7.1:
    resolution: {integrity: sha1-1K8dIJLyuwWqtiluXnzShtLxVDI=}
    engines: {node: '>=0.10.0'}

  inflight@1.0.6:
    resolution: {integrity: sha1-Sb1jMdfQLQwJvJEKEHW6gWW1bfk=}

  inherits@2.0.4:
    resolution: {integrity: sha1-D6LGT5MpF8NDOg3tVTY6rjdBa3w=}

  ipaddr.js@1.9.1:
    resolution: {integrity: sha1-v/OFQ+64mEglB5/zoqjmy9RngbM=}
    engines: {node: '>= 0.10'}

  is-binary-path@2.1.0:
    resolution: {integrity: sha1-6h9/O4DwZCNug0cPhsCcJU+0Wwk=}
    engines: {node: '>=8'}

  is-core-module@2.16.1:
    resolution: {integrity: sha1-KpiAGoSfQ+Kt1kT7trxiKbGaTvQ=}
    engines: {node: '>= 0.4'}

  is-extglob@2.1.1:
    resolution: {integrity: sha1-qIwCU1eR8C7TfHahueqXc8gz+MI=}
    engines: {node: '>=0.10.0'}

  is-glob@4.0.3:
    resolution: {integrity: sha1-ZPYeQsu7LuwgcanawLKLoeZdUIQ=}
    engines: {node: '>=0.10.0'}

  is-number@7.0.0:
    resolution: {integrity: sha1-dTU0W4lnNNX4DE0GxQlVUnoU8Ss=}
    engines: {node: '>=0.12.0'}

  is-promise@4.0.0:
    resolution: {integrity: sha1-Qv+fhCBsGZHSbev1IN1cAQQt0vM=}

  jsonwebtoken@9.0.3:
    resolution: {integrity: sha1-bNV6sB6bCsB8uEfVPTybbuMfeuI=}
    engines: {node: '>=12', npm: '>=6'}

  jwa@2.0.1:
    resolution: {integrity: sha1-v4F20a0M1y4PP1gzhZWhPhELyAQ=}

  jws@4.0.1:
    resolution: {integrity: sha1-B+3Bvo+sIOZ3soPs4mFJi9OPBpA=}

  lodash.includes@4.3.0:
    resolution: {integrity: sha1-YLuYqHy5I8aMoeUTJUgzFISfVT8=}

  lodash.isboolean@3.0.3:
    resolution: {integrity: sha1-bC4XHbKiV82WgC/UOwGyDV9YcPY=}

  lodash.isinteger@4.0.4:
    resolution: {integrity: sha1-YZwK89A/iwTDH1iChAt3sRzWg0M=}

  lodash.isnumber@3.0.3:
    resolution: {integrity: sha1-POdoEMWSjQM1IwGsKHMX8RwLH/w=}

  lodash.isplainobject@4.0.6:
    resolution: {integrity: sha1-fFJqUtibRcRcxpC4gWO+BJf1UMs=}

  lodash.isstring@4.0.1:
    resolution: {integrity: sha1-1SfftUVuynzJu5XV2ur4i6VKVFE=}

  lodash.once@4.1.1:
    resolution: {integrity: sha1-DdOXEhPHxW34gJd9UEyI+0cal6w=}

  make-error@1.3.6:
    resolution: {integrity: sha1-LrLjfqm2fEiR9oShOUeZr0hM96I=}

  math-intrinsics@1.1.0:
    resolution: {integrity: sha1-oN10voHiqlwvJ+Zc4oNgXuTit/k=}
    engines: {node: '>= 0.4'}

  media-typer@1.1.0:
    resolution: {integrity: sha1-ardLjy0zIPIGSyqHo455Mf86VWE=}
    engines: {node: '>= 0.8'}

  merge-descriptors@2.0.0:
    resolution: {integrity: sha1-6pIvZgY1oiSe5WXgRJ+VHmtgOAg=}
    engines: {node: '>=18'}

  mime-db@1.54.0:
    resolution: {integrity: sha1-zds+5PnGRTDf9kAjZmHULLajFPU=}
    engines: {node: '>= 0.6'}

  mime-types@3.0.2:
    resolution: {integrity: sha1-OQAtQYJXXVrwNv+hGBAPJSSy4qs=}
    engines: {node: '>=18'}

  minimatch@3.1.2:
    resolution: {integrity: sha1-Gc0ZS/0+Qo8EmnCBfAONiatL41s=}

  minimist@1.2.8:
    resolution: {integrity: sha1-waRk52kzAuCCoHXO4MBXdBrEdyw=}

  mkdirp@1.0.4:
    resolution: {integrity: sha1-PrXtYmInVteaXw4qIh3+utdcL34=}
    engines: {node: '>=10'}
    hasBin: true

  ms@2.1.3:
    resolution: {integrity: sha1-V0yBOM4dK1hh8LRFedut1gxmFbI=}

  negotiator@1.0.0:
    resolution: {integrity: sha1-tskbtHFy1p+Tz9fDV7u1KQGbX2o=}
    engines: {node: '>= 0.6'}

  normalize-path@3.0.0:
    resolution: {integrity: sha1-Dc1p/yOhybEf0JeDFmRKA4ghamU=}
    engines: {node: '>=0.10.0'}

  object-assign@4.1.1:
    resolution: {integrity: sha1-IQmtx5ZYh8/AXLvUQsrIv7s2CGM=}
    engines: {node: '>=0.10.0'}

  object-inspect@1.13.4:
    resolution: {integrity: sha1-g3UmXiG8IND6WCwi4bE0hdbgAhM=}
    engines: {node: '>= 0.4'}

  on-finished@2.4.1:
    resolution: {integrity: sha1-WMjEQRblSEWtV/FKsQsDUzGErD8=}
    engines: {node: '>= 0.8'}

  once@1.4.0:
    resolution: {integrity: sha1-WDsap3WWHUsROsF9nFC6753Xa9E=}

  parseurl@1.3.3:
    resolution: {integrity: sha1-naGee+6NEt/wUT7Vt2lXeTvC6NQ=}
    engines: {node: '>= 0.8'}

  path-is-absolute@1.0.1:
    resolution: {integrity: sha1-F0uSaHNVNP+8es5r9TpanhtcX18=}
    engines: {node: '>=0.10.0'}

  path-parse@1.0.7:
    resolution: {integrity: sha1-+8EUtgykKzDZ2vWFjkvWi77bZzU=}

  path-to-regexp@8.3.0:
    resolution: {integrity: sha1-qoGKaYH5kyEAOgiYfTzsnDR0zR8=}

  picomatch@2.3.1:
    resolution: {integrity: sha1-O6ODNzNkbZ0+SZWUbBNlpn+wekI=}
    engines: {node: '>=8.6'}

  proxy-addr@2.0.7:
    resolution: {integrity: sha1-8Z/mnOqzEe65S0LnDowgcPm6ECU=}
    engines: {node: '>= 0.10'}

  qs@6.14.0:
    resolution: {integrity: sha1-xj+kBoDSxclBQSoOiZyJr2DAqTA=}
    engines: {node: '>=0.6'}

  range-parser@1.2.1:
    resolution: {integrity: sha1-PPNwI9GZ4cJNGlW4SADC8+ZGgDE=}
    engines: {node: '>= 0.6'}

  raw-body@3.0.2:
    resolution: {integrity: sha1-PjraWuVWj5CV2EN2/TpJuPsAClE=}
    engines: {node: '>= 0.10'}

  readdirp@3.6.0:
    resolution: {integrity: sha1-dKNwvYVxFuJFspzJc0DNQxoCpsc=}
    engines: {node: '>=8.10.0'}

  resolve@1.22.11:
    resolution: {integrity: sha1-qthXzh/7i/qbCxrCnxFWOD9owmI=}
    engines: {node: '>= 0.4'}
    hasBin: true

  rimraf@2.7.1:
    resolution: {integrity: sha1-NXl/E6f9rcVmFCwp1PB8ytSD4+w=}
    hasBin: true

  router@2.2.0:
    resolution: {integrity: sha1-AZvmILcRyHZBFnzHm5kJDwCxRu8=}
    engines: {node: '>= 18'}

  safe-buffer@5.2.1:
    resolution: {integrity: sha1-Hq+fqb2x/dTsdfWPnNtOa3gn7sY=}

  safer-buffer@2.1.2:
    resolution: {integrity: sha1-RPoWGwGHuVSd2Eu5GAL5vYOFzWo=}

  semver@7.7.3:
    resolution: {integrity: sha1-S19BQ9AHYzqNxnHNCm75FHuLuUY=}
    engines: {node: '>=10'}
    hasBin: true

  send@1.2.1:
    resolution: {integrity: sha1-nqt0O4dPNVD0CiaGe/KGrWDT8+0=}
    engines: {node: '>= 18'}

  serve-static@2.2.1:
    resolution: {integrity: sha1-fxhqSk5fW2Y616QpT/G/N88OmKk=}
    engines: {node: '>= 18'}

  setprototypeof@1.2.0:
    resolution: {integrity: sha1-ZsmiSnP5/CjL5msJ/tPTPcrxtCQ=}

  side-channel-list@1.0.0:
    resolution: {integrity: sha1-EMtZhCYxFdO3oOM2WR4pCoMK+K0=}
    engines: {node: '>= 0.4'}

  side-channel-map@1.0.1:
    resolution: {integrity: sha1-1rtrN5Asb+9RdOX1M/q0xzKib0I=}
    engines: {node: '>= 0.4'}

  side-channel-weakmap@1.0.2:
    resolution: {integrity: sha1-Ed2hnVNo5Azp7CvcH7DsvAeQ7Oo=}
    engines: {node: '>= 0.4'}

  side-channel@1.1.0:
    resolution: {integrity: sha1-w/z/nE2pMnhIczNeyXZfqU/2a8k=}
    engines: {node: '>= 0.4'}

  source-map-support@0.5.21:
    resolution: {integrity: sha1-BP58f54e0tZiIzwoyys1ufY/bk8=}

  source-map@0.6.1:
    resolution: {integrity: sha1-dHIq8y6WFOnCh6jQu95IteLxomM=}
    engines: {node: '>=0.10.0'}

  statuses@2.0.2:
    resolution: {integrity: sha1-j3XuzvdlteHPzcCA2llAntQk44I=}
    engines: {node: '>= 0.8'}

  strip-bom@3.0.0:
    resolution: {integrity: sha1-IzTBjpx1n3vdVv3vfprj1YjmjtM=}
    engines: {node: '>=4'}

  strip-json-comments@2.0.1:
    resolution: {integrity: sha1-PFMZQukIwml8DsNEhYwobHygpgo=}
    engines: {node: '>=0.10.0'}

  supports-preserve-symlinks-flag@1.0.0:
    resolution: {integrity: sha1-btpL00SjyUrqN21MwxvHcxEDngk=}
    engines: {node: '>= 0.4'}

  to-regex-range@5.0.1:
    resolution: {integrity: sha1-FkjESq58jZiKMmAY7XL1tN0DkuQ=}
    engines: {node: '>=8.0'}

  toidentifier@1.0.1:
    resolution: {integrity: sha1-O+NDIaiKgg7RvYDfqjPkefu43TU=}
    engines: {node: '>=0.6'}

  tree-kill@1.2.2:
    resolution: {integrity: sha1-TKCakJLIi3OnzcXooBtQeweQoMw=}
    hasBin: true

  ts-node-dev@2.0.0:
    resolution: {integrity: sha1-vdU+F6s7XYIu9RmSjca0p+DxMGU=}
    engines: {node: '>=0.8.0'}
    hasBin: true
    peerDependencies:
      node-notifier: '*'
      typescript: '*'
    peerDependenciesMeta:
      node-notifier:
        optional: true

  ts-node@10.9.2:
    resolution: {integrity: sha1-cPAhyeGFvM3Kgg4m3EE4BcEBxx8=}
    hasBin: true
    peerDependencies:
      '@swc/core': '>=1.2.50'
      '@swc/wasm': '>=1.2.50'
      '@types/node': '*'
      typescript: '>=2.7'
    peerDependenciesMeta:
      '@swc/core':
        optional: true
      '@swc/wasm':
        optional: true

  tsconfig@7.0.0:
    resolution: {integrity: sha1-hFOIdaTcIW5cSlQys6Tew9VOkbc=}

  type-is@2.0.1:
    resolution: {integrity: sha1-ZPbPA/kvzkAVwrIkeT9r3UsGjJc=}
    engines: {node: '>= 0.6'}

  typescript@5.9.3:
    resolution: {integrity: sha1-W09Z4VMQqxeiFvXWz1PuR27eZw8=}
    engines: {node: '>=14.17'}
    hasBin: true

  undici-types@7.16.0:
    resolution: {integrity: sha1-/8zf82rqSITL/OmnUKBYAiT1ikY=}

  unpipe@1.0.0:
    resolution: {integrity: sha1-sr9O6FFKrmFltIF4KdIbLvSZBOw=}
    engines: {node: '>= 0.8'}

  v8-compile-cache-lib@3.0.1:
    resolution: {integrity: sha1-Yzbo1xllyz01obu3hoRFp8BSZL8=}

  vary@1.1.2:
    resolution: {integrity: sha1-IpnwLG3tMNSllhsLn3RSShj2NPw=}
    engines: {node: '>= 0.8'}

  wrappy@1.0.2:
    resolution: {integrity: sha1-tSQ9jz7BqjXxNkYFvA0QNuMKtp8=}

  xtend@4.0.2:
    resolution: {integrity: sha1-u3J3n1+kZRhrH0OPZ0+jR/2121Q=}
    engines: {node: '>=0.4'}

  yn@3.1.1:
    resolution: {integrity: sha1-HodAGgnXZ8HV6rJqbkwYUYLS61A=}
    engines: {node: '>=6'}

snapshots:

  '@cspotcode/source-map-support@0.8.1':
    dependencies:
      '@jridgewell/trace-mapping': 0.3.9

  '@jridgewell/resolve-uri@3.1.2': {}

  '@jridgewell/sourcemap-codec@1.5.5': {}

  '@jridgewell/trace-mapping@0.3.9':
    dependencies:
      '@jridgewell/resolve-uri': 3.1.2
      '@jridgewell/sourcemap-codec': 1.5.5

  '@tsconfig/node10@1.0.12': {}

  '@tsconfig/node12@1.0.11': {}

  '@tsconfig/node14@1.0.3': {}

  '@tsconfig/node16@1.0.4': {}

  '@types/bcryptjs@2.4.6': {}

  '@types/body-parser@1.19.6':
    dependencies:
      '@types/connect': 3.4.38
      '@types/node': 25.0.3

  '@types/connect@3.4.38':
    dependencies:
      '@types/node': 25.0.3

  '@types/cors@2.8.19':
    dependencies:
      '@types/node': 25.0.3

  '@types/express-serve-static-core@5.1.0':
    dependencies:
      '@types/node': 25.0.3
      '@types/qs': 6.14.0
      '@types/range-parser': 1.2.7
      '@types/send': 1.2.1

  '@types/express@5.0.6':
    dependencies:
      '@types/body-parser': 1.19.6
      '@types/express-serve-static-core': 5.1.0
      '@types/serve-static': 2.2.0

  '@types/http-errors@2.0.5': {}

  '@types/jsonwebtoken@9.0.10':
    dependencies:
      '@types/ms': 2.1.0
      '@types/node': 25.0.3

  '@types/ms@2.1.0': {}

  '@types/node@25.0.3':
    dependencies:
      undici-types: 7.16.0

  '@types/qs@6.14.0': {}

  '@types/range-parser@1.2.7': {}

  '@types/send@1.2.1':
    dependencies:
      '@types/node': 25.0.3

  '@types/serve-static@2.2.0':
    dependencies:
      '@types/http-errors': 2.0.5
      '@types/node': 25.0.3

  '@types/strip-bom@3.0.0': {}

  '@types/strip-json-comments@0.0.30': {}

  accepts@2.0.0:
    dependencies:
      mime-types: 3.0.2
      negotiator: 1.0.0

  acorn-walk@8.3.4:
    dependencies:
      acorn: 8.15.0

  acorn@8.15.0: {}

  anymatch@3.1.3:
    dependencies:
      normalize-path: 3.0.0
      picomatch: 2.3.1

  arg@4.1.3: {}

  balanced-match@1.0.2: {}

  bcryptjs@3.0.3: {}

  binary-extensions@2.3.0: {}

  body-parser@2.2.1:
    dependencies:
      bytes: 3.1.2
      content-type: 1.0.5
      debug: 4.4.3
      http-errors: 2.0.1
      iconv-lite: 0.7.1
      on-finished: 2.4.1
      qs: 6.14.0
      raw-body: 3.0.2
      type-is: 2.0.1
    transitivePeerDependencies:
      - supports-color

  brace-expansion@1.1.12:
    dependencies:
      balanced-match: 1.0.2
      concat-map: 0.0.1

  braces@3.0.3:
    dependencies:
      fill-range: 7.1.1

  buffer-equal-constant-time@1.0.1: {}

  buffer-from@1.1.2: {}

  bytes@3.1.2: {}

  call-bind-apply-helpers@1.0.2:
    dependencies:
      es-errors: 1.3.0
      function-bind: 1.1.2

  call-bound@1.0.4:
    dependencies:
      call-bind-apply-helpers: 1.0.2
      get-intrinsic: 1.3.0

  chokidar@3.6.0:
    dependencies:
      anymatch: 3.1.3
      braces: 3.0.3
      glob-parent: 5.1.2
      is-binary-path: 2.1.0
      is-glob: 4.0.3
      normalize-path: 3.0.0
      readdirp: 3.6.0
    optionalDependencies:
      fsevents: 2.3.3

  concat-map@0.0.1: {}

  content-disposition@1.0.1: {}

  content-type@1.0.5: {}

  cookie-signature@1.2.2: {}

  cookie@0.7.2: {}

  cors@2.8.5:
    dependencies:
      object-assign: 4.1.1
      vary: 1.1.2

  create-require@1.1.1: {}

  debug@4.4.3:
    dependencies:
      ms: 2.1.3

  depd@2.0.0: {}

  diff@4.0.2: {}

  dotenv@17.2.3: {}

  dunder-proto@1.0.1:
    dependencies:
      call-bind-apply-helpers: 1.0.2
      es-errors: 1.3.0
      gopd: 1.2.0

  dynamic-dedupe@0.3.0:
    dependencies:
      xtend: 4.0.2

  ecdsa-sig-formatter@1.0.11:
    dependencies:
      safe-buffer: 5.2.1

  ee-first@1.1.1: {}

  encodeurl@2.0.0: {}

  es-define-property@1.0.1: {}

  es-errors@1.3.0: {}

  es-object-atoms@1.1.1:
    dependencies:
      es-errors: 1.3.0

  escape-html@1.0.3: {}

  etag@1.8.1: {}

  express@5.2.1:
    dependencies:
      accepts: 2.0.0
      body-parser: 2.2.1
      content-disposition: 1.0.1
      content-type: 1.0.5
      cookie: 0.7.2
      cookie-signature: 1.2.2
      debug: 4.4.3
      depd: 2.0.0
      encodeurl: 2.0.0
      escape-html: 1.0.3
      etag: 1.8.1
      finalhandler: 2.1.1
      fresh: 2.0.0
      http-errors: 2.0.1
      merge-descriptors: 2.0.0
      mime-types: 3.0.2
      on-finished: 2.4.1
      once: 1.4.0
      parseurl: 1.3.3
      proxy-addr: 2.0.7
      qs: 6.14.0
      range-parser: 1.2.1
      router: 2.2.0
      send: 1.2.1
      serve-static: 2.2.1
      statuses: 2.0.2
      type-is: 2.0.1
      vary: 1.1.2
    transitivePeerDependencies:
      - supports-color

  fill-range@7.1.1:
    dependencies:
      to-regex-range: 5.0.1

  finalhandler@2.1.1:
    dependencies:
      debug: 4.4.3
      encodeurl: 2.0.0
      escape-html: 1.0.3
      on-finished: 2.4.1
      parseurl: 1.3.3
      statuses: 2.0.2
    transitivePeerDependencies:
      - supports-color

  forwarded@0.2.0: {}

  fresh@2.0.0: {}

  fs.realpath@1.0.0: {}

  fsevents@2.3.3:
    optional: true

  function-bind@1.1.2: {}

  get-intrinsic@1.3.0:
    dependencies:
      call-bind-apply-helpers: 1.0.2
      es-define-property: 1.0.1
      es-errors: 1.3.0
      es-object-atoms: 1.1.1
      function-bind: 1.1.2
      get-proto: 1.0.1
      gopd: 1.2.0
      has-symbols: 1.1.0
      hasown: 2.0.2
      math-intrinsics: 1.1.0

  get-proto@1.0.1:
    dependencies:
      dunder-proto: 1.0.1
      es-object-atoms: 1.1.1

  glob-parent@5.1.2:
    dependencies:
      is-glob: 4.0.3

  glob@7.2.3:
    dependencies:
      fs.realpath: 1.0.0
      inflight: 1.0.6
      inherits: 2.0.4
      minimatch: 3.1.2
      once: 1.4.0
      path-is-absolute: 1.0.1

  gopd@1.2.0: {}

  has-symbols@1.1.0: {}

  hasown@2.0.2:
    dependencies:
      function-bind: 1.1.2

  http-errors@2.0.1:
    dependencies:
      depd: 2.0.0
      inherits: 2.0.4
      setprototypeof: 1.2.0
      statuses: 2.0.2
      toidentifier: 1.0.1

  iconv-lite@0.7.1:
    dependencies:
      safer-buffer: 2.1.2

  inflight@1.0.6:
    dependencies:
      once: 1.4.0
      wrappy: 1.0.2

  inherits@2.0.4: {}

  ipaddr.js@1.9.1: {}

  is-binary-path@2.1.0:
    dependencies:
      binary-extensions: 2.3.0

  is-core-module@2.16.1:
    dependencies:
      hasown: 2.0.2

  is-extglob@2.1.1: {}

  is-glob@4.0.3:
    dependencies:
      is-extglob: 2.1.1

  is-number@7.0.0: {}

  is-promise@4.0.0: {}

  jsonwebtoken@9.0.3:
    dependencies:
      jws: 4.0.1
      lodash.includes: 4.3.0
      lodash.isboolean: 3.0.3
      lodash.isinteger: 4.0.4
      lodash.isnumber: 3.0.3
      lodash.isplainobject: 4.0.6
      lodash.isstring: 4.0.1
      lodash.once: 4.1.1
      ms: 2.1.3
      semver: 7.7.3

  jwa@2.0.1:
    dependencies:
      buffer-equal-constant-time: 1.0.1
      ecdsa-sig-formatter: 1.0.11
      safe-buffer: 5.2.1

  jws@4.0.1:
    dependencies:
      jwa: 2.0.1
      safe-buffer: 5.2.1

  lodash.includes@4.3.0: {}

  lodash.isboolean@3.0.3: {}

  lodash.isinteger@4.0.4: {}

  lodash.isnumber@3.0.3: {}

  lodash.isplainobject@4.0.6: {}

  lodash.isstring@4.0.1: {}

  lodash.once@4.1.1: {}

  make-error@1.3.6: {}

  math-intrinsics@1.1.0: {}

  media-typer@1.1.0: {}

  merge-descriptors@2.0.0: {}

  mime-db@1.54.0: {}

  mime-types@3.0.2:
    dependencies:
      mime-db: 1.54.0

  minimatch@3.1.2:
    dependencies:
      brace-expansion: 1.1.12

  minimist@1.2.8: {}

  mkdirp@1.0.4: {}

  ms@2.1.3: {}

  negotiator@1.0.0: {}

  normalize-path@3.0.0: {}

  object-assign@4.1.1: {}

  object-inspect@1.13.4: {}

  on-finished@2.4.1:
    dependencies:
      ee-first: 1.1.1

  once@1.4.0:
    dependencies:
      wrappy: 1.0.2

  parseurl@1.3.3: {}

  path-is-absolute@1.0.1: {}

  path-parse@1.0.7: {}

  path-to-regexp@8.3.0: {}

  picomatch@2.3.1: {}

  proxy-addr@2.0.7:
    dependencies:
      forwarded: 0.2.0
      ipaddr.js: 1.9.1

  qs@6.14.0:
    dependencies:
      side-channel: 1.1.0

  range-parser@1.2.1: {}

  raw-body@3.0.2:
    dependencies:
      bytes: 3.1.2
      http-errors: 2.0.1
      iconv-lite: 0.7.1
      unpipe: 1.0.0

  readdirp@3.6.0:
    dependencies:
      picomatch: 2.3.1

  resolve@1.22.11:
    dependencies:
      is-core-module: 2.16.1
      path-parse: 1.0.7
      supports-preserve-symlinks-flag: 1.0.0

  rimraf@2.7.1:
    dependencies:
      glob: 7.2.3

  router@2.2.0:
    dependencies:
      debug: 4.4.3
      depd: 2.0.0
      is-promise: 4.0.0
      parseurl: 1.3.3
      path-to-regexp: 8.3.0
    transitivePeerDependencies:
      - supports-color

  safe-buffer@5.2.1: {}

  safer-buffer@2.1.2: {}

  semver@7.7.3: {}

  send@1.2.1:
    dependencies:
      debug: 4.4.3
      encodeurl: 2.0.0
      escape-html: 1.0.3
      etag: 1.8.1
      fresh: 2.0.0
      http-errors: 2.0.1
      mime-types: 3.0.2
      ms: 2.1.3
      on-finished: 2.4.1
      range-parser: 1.2.1
      statuses: 2.0.2
    transitivePeerDependencies:
      - supports-color

  serve-static@2.2.1:
    dependencies:
      encodeurl: 2.0.0
      escape-html: 1.0.3
      parseurl: 1.3.3
      send: 1.2.1
    transitivePeerDependencies:
      - supports-color

  setprototypeof@1.2.0: {}

  side-channel-list@1.0.0:
    dependencies:
      es-errors: 1.3.0
      object-inspect: 1.13.4

  side-channel-map@1.0.1:
    dependencies:
      call-bound: 1.0.4
      es-errors: 1.3.0
      get-intrinsic: 1.3.0
      object-inspect: 1.13.4

  side-channel-weakmap@1.0.2:
    dependencies:
      call-bound: 1.0.4
      es-errors: 1.3.0
      get-intrinsic: 1.3.0
      object-inspect: 1.13.4
      side-channel-map: 1.0.1

  side-channel@1.1.0:
    dependencies:
      es-errors: 1.3.0
      object-inspect: 1.13.4
      side-channel-list: 1.0.0
      side-channel-map: 1.0.1
      side-channel-weakmap: 1.0.2

  source-map-support@0.5.21:
    dependencies:
      buffer-from: 1.1.2
      source-map: 0.6.1

  source-map@0.6.1: {}

  statuses@2.0.2: {}

  strip-bom@3.0.0: {}

  strip-json-comments@2.0.1: {}

  supports-preserve-symlinks-flag@1.0.0: {}

  to-regex-range@5.0.1:
    dependencies:
      is-number: 7.0.0

  toidentifier@1.0.1: {}

  tree-kill@1.2.2: {}

  ts-node-dev@2.0.0(@types/node@25.0.3)(typescript@5.9.3):
    dependencies:
      chokidar: 3.6.0
      dynamic-dedupe: 0.3.0
      minimist: 1.2.8
      mkdirp: 1.0.4
      resolve: 1.22.11
      rimraf: 2.7.1
      source-map-support: 0.5.21
      tree-kill: 1.2.2
      ts-node: 10.9.2(@types/node@25.0.3)(typescript@5.9.3)
      tsconfig: 7.0.0
      typescript: 5.9.3
    transitivePeerDependencies:
      - '@swc/core'
      - '@swc/wasm'
      - '@types/node'

  ts-node@10.9.2(@types/node@25.0.3)(typescript@5.9.3):
    dependencies:
      '@cspotcode/source-map-support': 0.8.1
      '@tsconfig/node10': 1.0.12
      '@tsconfig/node12': 1.0.11
      '@tsconfig/node14': 1.0.3
      '@tsconfig/node16': 1.0.4
      '@types/node': 25.0.3
      acorn: 8.15.0
      acorn-walk: 8.3.4
      arg: 4.1.3
      create-require: 1.1.1
      diff: 4.0.2
      make-error: 1.3.6
      typescript: 5.9.3
      v8-compile-cache-lib: 3.0.1
      yn: 3.1.1

  tsconfig@7.0.0:
    dependencies:
      '@types/strip-bom': 3.0.0
      '@types/strip-json-comments': 0.0.30
      strip-bom: 3.0.0
      strip-json-comments: 2.0.1

  type-is@2.0.1:
    dependencies:
      content-type: 1.0.5
      media-typer: 1.1.0
      mime-types: 3.0.2

  typescript@5.9.3: {}

  undici-types@7.16.0: {}

  unpipe@1.0.0: {}

  v8-compile-cache-lib@3.0.1: {}

  vary@1.1.2: {}

  wrappy@1.0.2: {}

  xtend@4.0.2: {}

  yn@3.1.1: {}
